
Microsoft Visual Studio Solution File, Format Version 12.00
# Visual Studio 15
VisualStudioVersion = 15.0.27004.2005
MinimumVisualStudioVersion = 10.0.40219.1
Project("{FAE04EC0-301F-11D3-BF4B-00C04F79EFBC}") = "gielda-studentow", "gielda-studentow\gielda-studentow.csproj", "{E775B089-131F-41CB-BCDD-7AA032FDB502}"
EndProject
Project("{FAE04EC0-301F-11D3-BF4B-00C04F79EFBC}") = "StudentExchangeDataAccess", "StudentExchangeDataAccess\StudentExchangeDataAccess.csproj", "{C2D3B9BF-9720-43DC-9889-E93EFCBBABC0}"
EndProject
Project("{FAE04EC0-301F-11D3-BF4B-00C04F79EFBC}") = "UnitTests", "UnitTests\UnitTests.csproj", "{03F845D8-B7F0-4C2C-AC8F-AB1C4D71582F}"
EndProject
Global
	GlobalSection(SolutionConfigurationPlatforms) = preSolution
		Debug|Any CPU = Debug|Any CPU
		Release|Any CPU = Release|Any CPU
	EndGlobalSection
	GlobalSection(ProjectConfigurationPlatforms) = postSolution
		{E775B089-131F-41CB-BCDD-7AA032FDB502}.Debug|Any CPU.ActiveCfg = Debug|Any CPU
		{E775B089-131F-41CB-BCDD-7AA032FDB502}.Debug|Any CPU.Build.0 = Debug|Any CPU
		{E775B089-131F-41CB-BCDD-7AA032FDB502}.Release|Any CPU.ActiveCfg = Release|Any CPU
		{E775B089-131F-41CB-BCDD-7AA032FDB502}.Release|Any CPU.Build.0 = Release|Any CPU
		{C2D3B9BF-9720-43DC-9889-E93EFCBBABC0}.Debug|Any CPU.ActiveCfg = Debug|Any CPU
		{C2D3B9BF-9720-43DC-9889-E93EFCBBABC0}.Debug|Any CPU.Build.0 = Debug|Any CPU
		{C2D3B9BF-9720-43DC-9889-E93EFCBBABC0}.Release|Any CPU.ActiveCfg = Release|Any CPU
		{C2D3B9BF-9720-43DC-9889-E93EFCBBABC0}.Release|Any CPU.Build.0 = Release|Any CPU
		{03F845D8-B7F0-4C2C-AC8F-AB1C4D71582F}.Debug|Any CPU.ActiveCfg = Debug|Any CPU
		{03F845D8-B7F0-4C2C-AC8F-AB1C4D71582F}.Debug|Any CPU.Build.0 = Debug|Any CPU
		{03F845D8-B7F0-4C2C-AC8F-AB1C4D71582F}.Release|Any CPU.ActiveCfg = Release|Any CPU
		{03F845D8-B7F0-4C2C-AC8F-AB1C4D71582F}.Release|Any CPU.Build.0 = Release|Any CPU
	EndGlobalSection
	GlobalSection(SolutionProperties) = preSolution
		HideSolutionNode = FALSE
	EndGlobalSection
	GlobalSection(ExtensibilityGlobals) = postSolution
		SolutionGuid = {E96A62F9-0C5A-4419-AD5F-139C3ACF0DFD}
	EndGlobalSection
EndGlobal
